
Microsoft Visual Studio Solution File, Format Version 12.00
# Visual Studio Version 16
VisualStudioVersion = 16.0.30002.166
MinimumVisualStudioVersion = 10.0.40219.1
Project("{FAE04EC0-301F-11D3-BF4B-00C04F79EFBC}") = "NewsPublish.Web", "NewsPublish.Web\NewsPublish.Web.csproj", "{71D8DA20-6E5B-40C1-A551-A0CB1E4E4E07}"
EndProject
Project("{FAE04EC0-301F-11D3-BF4B-00C04F79EFBC}") = "NewsPublish.Model", "NewsPublish.Model\NewsPublish.Model.csproj", "{97CCC8A3-556C-4353-9D88-BC3EFD845640}"
EndProject
Project("{FAE04EC0-301F-11D3-BF4B-00C04F79EFBC}") = "NewsPublish.Service", "NewsPublish.Service\NewsPublish.Service.csproj", "{BB3B5FD3-2D70-460E-BDC9-07474FE9D2DA}"
EndProject
Global
	GlobalSection(SolutionConfigurationPlatforms) = preSolution
		Debug|Any CPU = Debug|Any CPU
		Release|Any CPU = Release|Any CPU
	EndGlobalSection
	GlobalSection(ProjectConfigurationPlatforms) = postSolution
		{71D8DA20-6E5B-40C1-A551-A0CB1E4E4E07}.Debug|Any CPU.ActiveCfg = Debug|Any CPU
		{71D8DA20-6E5B-40C1-A551-A0CB1E4E4E07}.Debug|Any CPU.Build.0 = Debug|Any CPU
		{71D8DA20-6E5B-40C1-A551-A0CB1E4E4E07}.Release|Any CPU.ActiveCfg = Release|Any CPU
		{71D8DA20-6E5B-40C1-A551-A0CB1E4E4E07}.Release|Any CPU.Build.0 = Release|Any CPU
		{97CCC8A3-556C-4353-9D88-BC3EFD845640}.Debug|Any CPU.ActiveCfg = Debug|Any CPU
		{97CCC8A3-556C-4353-9D88-BC3EFD845640}.Debug|Any CPU.Build.0 = Debug|Any CPU
		{97CCC8A3-556C-4353-9D88-BC3EFD845640}.Release|Any CPU.ActiveCfg = Release|Any CPU
		{97CCC8A3-556C-4353-9D88-BC3EFD845640}.Release|Any CPU.Build.0 = Release|Any CPU
		{BB3B5FD3-2D70-460E-BDC9-07474FE9D2DA}.Debug|Any CPU.ActiveCfg = Debug|Any CPU
		{BB3B5FD3-2D70-460E-BDC9-07474FE9D2DA}.Debug|Any CPU.Build.0 = Debug|Any CPU
		{BB3B5FD3-2D70-460E-BDC9-07474FE9D2DA}.Release|Any CPU.ActiveCfg = Release|Any CPU
		{BB3B5FD3-2D70-460E-BDC9-07474FE9D2DA}.Release|Any CPU.Build.0 = Release|Any CPU
	EndGlobalSection
	GlobalSection(SolutionProperties) = preSolution
		HideSolutionNode = FALSE
	EndGlobalSection
	GlobalSection(ExtensibilityGlobals) = postSolution
		SolutionGuid = {B1FA2235-6A2C-419E-9E69-F342CF2A5D63}
	EndGlobalSection
EndGlobal
